<?xml version="1.0" encoding="utf-8"?>
<Project ToolsVersion="4.0" xmlns="http://schemas.microsoft.com/developer/msbuild/2003">
  <ItemGroup>
    <Filter Include="Source Files">
      <UniqueIdentifier>{4FC737F1-C7A5-4376-A066-2A32D752A2FF}</UniqueIdentifier>
      <Extensions>cpp;c;cc;cxx;def;odl;idl;hpj;bat;asm;asmx</Extensions>
    </Filter>
    <Filter Include="Header Files">
      <UniqueIdentifier>{93995380-89BD-4b04-88EB-625FBE52EBFB}</UniqueIdentifier>
      <Extensions>h;hh;hpp;hxx;hm;inl;inc;xsd</Extensions>
    </Filter>
    <Filter Include="Resource Files">
      <UniqueIdentifier>{67DA6AB6-F800-4c08-8B7A-83BB121AAD01}</UniqueIdentifier>
      <Extensions>rc;ico;cur;bmp;dlg;rc2;rct;bin;rgs;gif;jpg;jpeg;jpe;resx;tiff;tif;png;wav;mfcribbon-ms</Extensions>
    </Filter>
    <Filter Include="Header Files\sodecl">
      <UniqueIdentifier>{d7e4f8b2-a888-4de3-bed1-743ce0e82b91}</UniqueIdentifier>
    </Filter>
  </ItemGroup>
  <ItemGroup>
    <ClInclude Include="..\..\sodecl\sodecl.hpp">
      <Filter>Header Files</Filter>
    </ClInclude>
    <ClInclude Include="..\..\sodecl\sodecl\build_Option.hpp">
      <Filter>Header Files\sodecl</Filter>
    </ClInclude>
    <ClInclude Include="..\..\sodecl\sodecl\clog.hpp">
      <Filter>Header Files\sodecl</Filter>
    </ClInclude>
    <ClInclude Include="..\..\sodecl\sodecl\device.hpp">
      <Filter>Header Files\sodecl</Filter>
    </ClInclude>
    <ClInclude Include="..\..\sodecl\sodecl\device_Type.hpp">
      <Filter>Header Files\sodecl</Filter>
    </ClInclude>
    <ClInclude Include="..\..\sodecl\sodecl\kernels.hpp">
      <Filter>Header Files\sodecl</Filter>
    </ClInclude>
    <ClInclude Include="..\..\sodecl\sodecl\output_Type.hpp">
      <Filter>Header Files\sodecl</Filter>
    </ClInclude>
    <ClInclude Include="..\..\sodecl\sodecl\platform.hpp">
      <Filter>Header Files\sodecl</Filter>
    </ClInclude>
    <ClInclude Include="..\..\sodecl\sodecl\solver_Type.hpp">
      <Filter>Header Files\sodecl</Filter>
    </ClInclude>
    <ClInclude Include="..\..\sodecl\sodecl\timer.hpp">
      <Filter>Header Files\sodecl</Filter>
    </ClInclude>
    <ClInclude Include="..\..\sodecl\sodecl\sodeclmgr.hpp">
      <Filter>Header Files\sodecl</Filter>
    </ClInclude>
  </ItemGroup>
  <ItemGroup>
    <ClCompile Include="..\..\sodecl.cpp">
      <Filter>Source Files</Filter>
    </ClCompile>
  </ItemGroup>
  <ItemGroup>
    <None Include="..\..\sodecl\kernels\euler.cl">
      <Filter>Resource Files</Filter>
    </None>
    <None Include="..\..\sodecl\kernels\ie.cl">
      <Filter>Resource Files</Filter>
    </None>
    <None Include="..\..\sodecl\kernels\im.cl">
      <Filter>Resource Files</Filter>
    </None>
    <None Include="..\..\sodecl\kernels\rk4.cl">
      <Filter>Resource Files</Filter>
    </None>
    <None Include="..\..\sodecl\kernels\solver_caller.cl">
      <Filter>Resource Files</Filter>
    </None>
    <None Include="..\..\sodecl\kernels\stochastic_solver_caller.cl">
      <Filter>Resource Files</Filter>
    </None>
    <None Include="..\..\sodecl\kernels\stochasticeuler.cl">
      <Filter>Resource Files</Filter>
    </None>
    <None Include="..\..\README.md" />
    <None Include="..\..\sodecl\kernels\kuramoto.cl">
      <Filter>Resource Files</Filter>
    </None>
    <None Include="..\..\sodecl\kernels\broomhead.cl">
      <Filter>Resource Files</Filter>
    </None>
    <None Include="..\..\sodecl\kernels\broomhead_small.cl">
      <Filter>Resource Files</Filter>
    </None>
    <None Include="..\..\sodecl\kernels\NoiseBroomhead.cl">
      <Filter>Resource Files</Filter>
    </None>
    <None Include="..\..\sodecl\kernels\ode_system.cl">
      <Filter>Resource Files</Filter>
    </None>
    <None Include="..\..\sodecl\kernels\rk.cl">
      <Filter>Resource Files</Filter>
    </None>
    <None Include="..\..\sodecl\kernels\rk6var.cl">
      <Filter>Resource Files</Filter>
    </None>
    <None Include="..\..\sodecl\kernels\solver_caller_rk.cl">
      <Filter>Resource Files</Filter>
    </None>
    <None Include="..\..\sodecl\kernels\solver_caller_var.cl">
      <Filter>Resource Files</Filter>
    </None>
  </ItemGroup>
</Project>